Microsoft Visual Studio Solution File, Format Version 12.00
# Visual Studio Version 17
VisualStudioVersion = 17.5.2.0
MinimumVisualStudioVersion = 10.0.40219.1
Project("{FAE04EC0-301F-11D3-BF4B-00C04F79EFBC}") = "T16000M_FCS", "T16000M_FCS.csproj", "{32E778DA-A3DB-DF3B-AC39-86CBB359F5A2}"
EndProject
Project("{FAE04EC0-301F-11D3-BF4B-00C04F79EFBC}") = "FlightHUD", "FlightHUD\FlightHUD.csproj", "{38DA80DB-1726-439D-EFAE-847C033DE89F}"
EndProject
Global
	GlobalSection(SolutionConfigurationPlatforms) = preSolution
		Debug|Any CPU = Debug|Any CPU
		Release|Any CPU = Release|Any CPU
	EndGlobalSection
	GlobalSection(ProjectConfigurationPlatforms) = postSolution
		{32E778DA-A3DB-DF3B-AC39-86CBB359F5A2}.Debug|Any CPU.ActiveCfg = Debug|Any CPU
		{32E778DA-A3DB-DF3B-AC39-86CBB359F5A2}.Debug|Any CPU.Build.0 = Debug|Any CPU
		{32E778DA-A3DB-DF3B-AC39-86CBB359F5A2}.Release|Any CPU.ActiveCfg = Release|Any CPU
		{32E778DA-A3DB-DF3B-AC39-86CBB359F5A2}.Release|Any CPU.Build.0 = Release|Any CPU
		{38DA80DB-1726-439D-EFAE-847C033DE89F}.Debug|Any CPU.ActiveCfg = Debug|Any CPU
		{38DA80DB-1726-439D-EFAE-847C033DE89F}.Debug|Any CPU.Build.0 = Debug|Any CPU
		{38DA80DB-1726-439D-EFAE-847C033DE89F}.Release|Any CPU.ActiveCfg = Release|Any CPU
		{38DA80DB-1726-439D-EFAE-847C033DE89F}.Release|Any CPU.Build.0 = Release|Any CPU
	EndGlobalSection
	GlobalSection(SolutionProperties) = preSolution
		HideSolutionNode = FALSE
	EndGlobalSection
	GlobalSection(ExtensibilityGlobals) = postSolution
		SolutionGuid = {D982C1E3-CC1F-4FB0-BB19-DD1F4327DADC}
	EndGlobalSection
EndGlobal
